
Microsoft Visual Studio Solution File, Format Version 12.00
# Visual Studio Version 17
VisualStudioVersion = 17.8.34525.116
MinimumVisualStudioVersion = 10.0.40219.1
Project("{9A19103F-16F7-4668-BE54-9A1E7A4F7556}") = "GerenciadorTarefas.Domain", "GerenciadorTarefas.Domain\GerenciadorTarefas.Domain.csproj", "{D4E536E5-863C-4BE9-A1C3-E56722AE85B1}"
EndProject
Project("{9A19103F-16F7-4668-BE54-9A1E7A4F7556}") = "GerenciadorTarefas.Infra", "GerenciadorTarefas.Infra\GerenciadorTarefas.Infra.csproj", "{29EC855C-E8E4-4F3B-AD77-A75B9AB646DC}"
EndProject
Project("{9A19103F-16F7-4668-BE54-9A1E7A4F7556}") = "GerenciadorTarefas.API", "GerenciadorTarefas.API\GerenciadorTarefas.API.csproj", "{34041599-2019-43D0-A919-291072EE0C14}"
EndProject
Project("{FAE04EC0-301F-11D3-BF4B-00C04F79EFBC}") = "GerenciadorTarefas.Test", "GerenciadorTarefas.Test\GerenciadorTarefas.Test.csproj", "{C757BEB0-E41F-45CC-9FF0-4F0CCD24368F}"
EndProject
Global
	GlobalSection(SolutionConfigurationPlatforms) = preSolution
		Debug|Any CPU = Debug|Any CPU
		Release|Any CPU = Release|Any CPU
	EndGlobalSection
	GlobalSection(ProjectConfigurationPlatforms) = postSolution
		{D4E536E5-863C-4BE9-A1C3-E56722AE85B1}.Debug|Any CPU.ActiveCfg = Debug|Any CPU
		{D4E536E5-863C-4BE9-A1C3-E56722AE85B1}.Debug|Any CPU.Build.0 = Debug|Any CPU
		{D4E536E5-863C-4BE9-A1C3-E56722AE85B1}.Release|Any CPU.ActiveCfg = Release|Any CPU
		{D4E536E5-863C-4BE9-A1C3-E56722AE85B1}.Release|Any CPU.Build.0 = Release|Any CPU
		{29EC855C-E8E4-4F3B-AD77-A75B9AB646DC}.Debug|Any CPU.ActiveCfg = Debug|Any CPU
		{29EC855C-E8E4-4F3B-AD77-A75B9AB646DC}.Debug|Any CPU.Build.0 = Debug|Any CPU
		{29EC855C-E8E4-4F3B-AD77-A75B9AB646DC}.Release|Any CPU.ActiveCfg = Release|Any CPU
		{29EC855C-E8E4-4F3B-AD77-A75B9AB646DC}.Release|Any CPU.Build.0 = Release|Any CPU
		{34041599-2019-43D0-A919-291072EE0C14}.Debug|Any CPU.ActiveCfg = Debug|Any CPU
		{34041599-2019-43D0-A919-291072EE0C14}.Debug|Any CPU.Build.0 = Debug|Any CPU
		{34041599-2019-43D0-A919-291072EE0C14}.Release|Any CPU.ActiveCfg = Release|Any CPU
		{34041599-2019-43D0-A919-291072EE0C14}.Release|Any CPU.Build.0 = Release|Any CPU
		{C757BEB0-E41F-45CC-9FF0-4F0CCD24368F}.Debug|Any CPU.ActiveCfg = Debug|Any CPU
		{C757BEB0-E41F-45CC-9FF0-4F0CCD24368F}.Debug|Any CPU.Build.0 = Debug|Any CPU
		{C757BEB0-E41F-45CC-9FF0-4F0CCD24368F}.Release|Any CPU.ActiveCfg = Release|Any CPU
		{C757BEB0-E41F-45CC-9FF0-4F0CCD24368F}.Release|Any CPU.Build.0 = Release|Any CPU
	EndGlobalSection
	GlobalSection(SolutionProperties) = preSolution
		HideSolutionNode = FALSE
	EndGlobalSection
	GlobalSection(ExtensibilityGlobals) = postSolution
		SolutionGuid = {D4541306-DFE7-4056-A7B4-9C14AC61FC17}
	EndGlobalSection
EndGlobal
